
Microsoft Visual Studio Solution File, Format Version 12.00
# Visual Studio Version 16
VisualStudioVersion = 16.0.31424.327
MinimumVisualStudioVersion = 10.0.40219.1
Project("{FAE04EC0-301F-11D3-BF4B-00C04F79EFBC}") = "IT Final Year Lohaghat", "IT Final Year Lohaghat\IT Final Year Lohaghat.csproj", "{43AC795B-32F5-49A8-A816-976886AAF4FB}"
EndProject
Project("{FAE04EC0-301F-11D3-BF4B-00C04F79EFBC}") = "ITFinalYearLibrary", "ITFinalYearLibrary\ITFinalYearLibrary.csproj", "{E8715164-E5AB-49BB-84CD-11F817056F13}"
EndProject
Global
	GlobalSection(SolutionConfigurationPlatforms) = preSolution
		Debug|Any CPU = Debug|Any CPU
		Release|Any CPU = Release|Any CPU
	EndGlobalSection
	GlobalSection(ProjectConfigurationPlatforms) = postSolution
		{43AC795B-32F5-49A8-A816-976886AAF4FB}.Debug|Any CPU.ActiveCfg = Debug|Any CPU
		{43AC795B-32F5-49A8-A816-976886AAF4FB}.Debug|Any CPU.Build.0 = Debug|Any CPU
		{43AC795B-32F5-49A8-A816-976886AAF4FB}.Release|Any CPU.ActiveCfg = Release|Any CPU
		{43AC795B-32F5-49A8-A816-976886AAF4FB}.Release|Any CPU.Build.0 = Release|Any CPU
		{E8715164-E5AB-49BB-84CD-11F817056F13}.Debug|Any CPU.ActiveCfg = Debug|Any CPU
		{E8715164-E5AB-49BB-84CD-11F817056F13}.Debug|Any CPU.Build.0 = Debug|Any CPU
		{E8715164-E5AB-49BB-84CD-11F817056F13}.Release|Any CPU.ActiveCfg = Release|Any CPU
		{E8715164-E5AB-49BB-84CD-11F817056F13}.Release|Any CPU.Build.0 = Release|Any CPU
	EndGlobalSection
	GlobalSection(SolutionProperties) = preSolution
		HideSolutionNode = FALSE
	EndGlobalSection
	GlobalSection(ExtensibilityGlobals) = postSolution
		SolutionGuid = {ED3E5DA2-10F5-4F26-975F-95C4CC279B4D}
	EndGlobalSection
EndGlobal
